
Microsoft Visual Studio Solution File, Format Version 12.00
# Visual Studio Version 17
VisualStudioVersion = 17.10.35004.147
MinimumVisualStudioVersion = 10.0.40219.1
Project("{FAE04EC0-301F-11D3-BF4B-00C04F79EFBC}") = "ControleInventario", "ControleInventario.csproj", "{92639B9D-BA2C-4649-9A48-FDFCAF3C1741}"
EndProject
Project("{FAE04EC0-301F-11D3-BF4B-00C04F79EFBC}") = "ControleInventarioTest", "..\ControleInventarioTest\ControleInventarioTest.csproj", "{59913882-06E6-4050-A33A-F235C25E6465}"
EndProject
Global
	GlobalSection(SolutionConfigurationPlatforms) = preSolution
		Debug|Any CPU = Debug|Any CPU
		Release|Any CPU = Release|Any CPU
	EndGlobalSection
	GlobalSection(ProjectConfigurationPlatforms) = postSolution
		{92639B9D-BA2C-4649-9A48-FDFCAF3C1741}.Debug|Any CPU.ActiveCfg = Debug|Any CPU
		{92639B9D-BA2C-4649-9A48-FDFCAF3C1741}.Debug|Any CPU.Build.0 = Debug|Any CPU
		{92639B9D-BA2C-4649-9A48-FDFCAF3C1741}.Release|Any CPU.ActiveCfg = Release|Any CPU
		{92639B9D-BA2C-4649-9A48-FDFCAF3C1741}.Release|Any CPU.Build.0 = Release|Any CPU
		{59913882-06E6-4050-A33A-F235C25E6465}.Debug|Any CPU.ActiveCfg = Debug|Any CPU
		{59913882-06E6-4050-A33A-F235C25E6465}.Debug|Any CPU.Build.0 = Debug|Any CPU
		{59913882-06E6-4050-A33A-F235C25E6465}.Release|Any CPU.ActiveCfg = Release|Any CPU
		{59913882-06E6-4050-A33A-F235C25E6465}.Release|Any CPU.Build.0 = Release|Any CPU
	EndGlobalSection
	GlobalSection(SolutionProperties) = preSolution
		HideSolutionNode = FALSE
	EndGlobalSection
	GlobalSection(ExtensibilityGlobals) = postSolution
		SolutionGuid = {BBB810EA-6A64-40C6-9C99-594AC3FFC525}
	EndGlobalSection
EndGlobal
