
Microsoft Visual Studio Solution File, Format Version 12.00
# Visual Studio Version 17
VisualStudioVersion = 17.8.34511.84
MinimumVisualStudioVersion = 10.0.40219.1
Project("{FAE04EC0-301F-11D3-BF4B-00C04F79EFBC}") = "Validacao", "Validacao.csproj", "{C73C5941-C1AA-48E9-8A1D-EB5419DB6355}"
EndProject
Project("{FAE04EC0-301F-11D3-BF4B-00C04F79EFBC}") = "ValidacaoUnitTest", "..\ValidacaoUnitTest\ValidacaoUnitTest.csproj", "{B0C6E1CB-D83B-453B-B96E-CFE5CC857E0F}"
EndProject
Global
	GlobalSection(SolutionConfigurationPlatforms) = preSolution
		Debug|Any CPU = Debug|Any CPU
		Release|Any CPU = Release|Any CPU
	EndGlobalSection
	GlobalSection(ProjectConfigurationPlatforms) = postSolution
		{C73C5941-C1AA-48E9-8A1D-EB5419DB6355}.Debug|Any CPU.ActiveCfg = Debug|Any CPU
		{C73C5941-C1AA-48E9-8A1D-EB5419DB6355}.Debug|Any CPU.Build.0 = Debug|Any CPU
		{C73C5941-C1AA-48E9-8A1D-EB5419DB6355}.Release|Any CPU.ActiveCfg = Release|Any CPU
		{C73C5941-C1AA-48E9-8A1D-EB5419DB6355}.Release|Any CPU.Build.0 = Release|Any CPU
		{B0C6E1CB-D83B-453B-B96E-CFE5CC857E0F}.Debug|Any CPU.ActiveCfg = Debug|Any CPU
		{B0C6E1CB-D83B-453B-B96E-CFE5CC857E0F}.Debug|Any CPU.Build.0 = Debug|Any CPU
		{B0C6E1CB-D83B-453B-B96E-CFE5CC857E0F}.Release|Any CPU.ActiveCfg = Release|Any CPU
		{B0C6E1CB-D83B-453B-B96E-CFE5CC857E0F}.Release|Any CPU.Build.0 = Release|Any CPU
	EndGlobalSection
	GlobalSection(SolutionProperties) = preSolution
		HideSolutionNode = FALSE
	EndGlobalSection
	GlobalSection(ExtensibilityGlobals) = postSolution
		SolutionGuid = {D47B68DE-CFAC-4167-8569-03CB92D6B87F}
	EndGlobalSection
EndGlobal
